
Microsoft Visual Studio Solution File, Format Version 12.00
# Visual Studio 2013
VisualStudioVersion = 12.0.21005.1
MinimumVisualStudioVersion = 10.0.40219.1
Project("{FAE04EC0-301F-11D3-BF4B-00C04F79EFBC}") = "rxdds", "rxdds\rxdds.csproj", "{AC716A75-DCE6-4C91-A3D1-C8D9878F8429}"
EndProject
Project("{FAE04EC0-301F-11D3-BF4B-00C04F79EFBC}") = "rxdds-test", "rxdds-test\rxdds-test.csproj", "{DC72735A-1125-40F6-BCC7-931136944A6C}"
EndProject
Project("{2150E333-8FDC-42A3-9474-1A3956D46DE8}") = ".nuget", ".nuget", "{233E0FC1-339C-4160-A08C-4B8BB6FD1E9F}"
	ProjectSection(SolutionItems) = preProject
		.nuget\NuGet.Config = .nuget\NuGet.Config
		.nuget\NuGet.exe = .nuget\NuGet.exe
		.nuget\NuGet.targets = .nuget\NuGet.targets
	EndProjectSection
EndProject
Project("{FAE04EC0-301F-11D3-BF4B-00C04F79EFBC}") = "soccer-processor", "soccer\soccer-processor.csproj", "{62C772C5-0DF0-4405-B3B9-951B5F7829AB}"
EndProject
Project("{FAE04EC0-301F-11D3-BF4B-00C04F79EFBC}") = "soccer-publisher", "soccer-publisher\soccer-publisher.csproj", "{05178AE0-E396-47AC-ADFC-FD482C12F773}"
EndProject
Global
	GlobalSection(SolutionConfigurationPlatforms) = preSolution
		Debug|Any CPU = Debug|Any CPU
		Debug|x86 = Debug|x86
		Release|Any CPU = Release|Any CPU
		Release|x86 = Release|x86
	EndGlobalSection
	GlobalSection(ProjectConfigurationPlatforms) = postSolution
		{AC716A75-DCE6-4C91-A3D1-C8D9878F8429}.Debug|Any CPU.ActiveCfg = Debug|x86
		{AC716A75-DCE6-4C91-A3D1-C8D9878F8429}.Debug|x86.ActiveCfg = Debug|x86
		{AC716A75-DCE6-4C91-A3D1-C8D9878F8429}.Debug|x86.Build.0 = Debug|x86
		{AC716A75-DCE6-4C91-A3D1-C8D9878F8429}.Release|Any CPU.ActiveCfg = Release|x86
		{AC716A75-DCE6-4C91-A3D1-C8D9878F8429}.Release|x86.ActiveCfg = Release|x86
		{AC716A75-DCE6-4C91-A3D1-C8D9878F8429}.Release|x86.Build.0 = Release|x86
		{DC72735A-1125-40F6-BCC7-931136944A6C}.Debug|Any CPU.ActiveCfg = Debug|x86
		{DC72735A-1125-40F6-BCC7-931136944A6C}.Debug|x86.ActiveCfg = Debug|x86
		{DC72735A-1125-40F6-BCC7-931136944A6C}.Debug|x86.Build.0 = Debug|x86
		{DC72735A-1125-40F6-BCC7-931136944A6C}.Release|Any CPU.ActiveCfg = Release|x86
		{DC72735A-1125-40F6-BCC7-931136944A6C}.Release|x86.ActiveCfg = Release|x86
		{DC72735A-1125-40F6-BCC7-931136944A6C}.Release|x86.Build.0 = Release|x86
		{62C772C5-0DF0-4405-B3B9-951B5F7829AB}.Debug|Any CPU.ActiveCfg = Debug|x86
		{62C772C5-0DF0-4405-B3B9-951B5F7829AB}.Debug|x86.ActiveCfg = Debug|x86
		{62C772C5-0DF0-4405-B3B9-951B5F7829AB}.Debug|x86.Build.0 = Debug|x86
		{62C772C5-0DF0-4405-B3B9-951B5F7829AB}.Release|Any CPU.ActiveCfg = Release|x86
		{62C772C5-0DF0-4405-B3B9-951B5F7829AB}.Release|x86.ActiveCfg = Release|x86
		{62C772C5-0DF0-4405-B3B9-951B5F7829AB}.Release|x86.Build.0 = Release|x86
		{05178AE0-E396-47AC-ADFC-FD482C12F773}.Debug|Any CPU.ActiveCfg = Debug|x86
		{05178AE0-E396-47AC-ADFC-FD482C12F773}.Debug|x86.ActiveCfg = Debug|x86
		{05178AE0-E396-47AC-ADFC-FD482C12F773}.Debug|x86.Build.0 = Debug|x86
		{05178AE0-E396-47AC-ADFC-FD482C12F773}.Release|Any CPU.ActiveCfg = Release|x86
		{05178AE0-E396-47AC-ADFC-FD482C12F773}.Release|x86.ActiveCfg = Release|x86
		{05178AE0-E396-47AC-ADFC-FD482C12F773}.Release|x86.Build.0 = Release|x86
	EndGlobalSection
	GlobalSection(SolutionProperties) = preSolution
		HideSolutionNode = FALSE
	EndGlobalSection
EndGlobal
