Microsoft Visual Studio Solution File, Format Version 12.00
# Visual Studio 2012
Project("{8BC9CEB8-8B4A-11D0-8D11-00A0C91BC942}") = "soccer_publisher", "soccer_publisher-vs2012.vcxproj", "{F04C8478-53E5-98EE-ED05-B7D5DAF73F7B}"
EndProject
Global
	GlobalSection(SolutionConfigurationPlatforms) = preSolution
		Debug DLL|Win32 = Debug DLL|Win32
		Debug|Win32 = Debug|Win32
		Release DLL|Win32 = Release DLL|Win32
		Release|Win32 = Release|Win32
	EndGlobalSection
	GlobalSection(ProjectConfigurationPlatforms) = postSolution
		{F04C8478-53E5-98EE-ED05-B7D5DAF73F7B}.Debug DLL|Win32.ActiveCfg = Debug DLL|Win32
		{F04C8478-53E5-98EE-ED05-B7D5DAF73F7B}.Debug DLL|Win32.Build.0 = Debug DLL|Win32
		{F04C8478-53E5-98EE-ED05-B7D5DAF73F7B}.Debug|Win32.ActiveCfg = Debug|Win32
		{F04C8478-53E5-98EE-ED05-B7D5DAF73F7B}.Debug|Win32.Build.0 = Debug|Win32
		{F04C8478-53E5-98EE-ED05-B7D5DAF73F7B}.Release DLL|Win32.ActiveCfg = Release DLL|Win32
		{F04C8478-53E5-98EE-ED05-B7D5DAF73F7B}.Release DLL|Win32.Build.0 = Release DLL|Win32
		{F04C8478-53E5-98EE-ED05-B7D5DAF73F7B}.Release|Win32.ActiveCfg = Release|Win32
		{F04C8478-53E5-98EE-ED05-B7D5DAF73F7B}.Release|Win32.Build.0 = Release|Win32
	EndGlobalSection
	GlobalSection(SolutionProperties) = preSolution
		HideSolutionNode = FALSE
	EndGlobalSection
EndGlobal
